{
  "name": "workspace",
  "version": "1.0.0-monorepo",
  "lockfileVersion": 3,
  "requires": true,
  "packages": {
    "": {
      "devDependencies": {
        "@types/babel__preset-env": "^7.9.7",
        "@types/node": "^22.5.1"
      }
    },
    "node_modules/@types/babel__preset-env": {
      "version": "7.9.7",
      "resolved": "https://registry.npmjs.org/@types/babel__preset-env/-/babel__preset-env-7.9.7.tgz",
      "integrity": "sha512-m63P4DQR9d0/g8GwRsmyizGqfCGWI6LVnuNg4OV8YhNM+VMBAepJ4394Z/rJA0pBYV+AXgFfHP4RiIlk9mYVVQ==",
      "dev": true
    },
    "node_modules/@types/node": {
      "version": "22.5.1",
      "resolved": "https://registry.npmjs.org/@types/node/-/node-22.5.1.tgz",
      "integrity": "sha512-KkHsxej0j9IW1KKOOAA/XBA0z08UFSrRQHErzEfA3Vgq57eXIMYboIlHJuYIfd+lwCQjtKqUu3UnmKbtUc9yRw==",
      "dev": true,
      "dependencies": {
        "undici-types": "~6.19.2"
      }
    },
    "node_modules/undici-types": {
      "version": "6.19.8",
      "resolved": "https://registry.npmjs.org/undici-types/-/undici-types-6.19.8.tgz",
      "integrity": "sha512-ve2KP6f/JnbPBFyobGHuerC9g1FYGn/F8n1LWTwNxCEzd6IfqTwUQcNXgEtmmQ6DlRrC1hrSrBnCZPokRrDHjw==",
      "dev": true
    },
    "packages/cli-alert": {
      "name": "@snyk/cli-alert",
      "version": "1.0.0",
      "extraneous": true,
      "license": "Apache-2.0",
      "dependencies": {
        "@octokit/rest": "^18.0.5",
        "@pagerduty/pdjs": "^2.2.0",
        "@slack/webhook": "7.0.2",
        "typescript": "^4.0.2"
      },
      "devDependencies": {
        "@types/node": "^20.11.30"
      }
    },
    "packages/iac-cli-alert": {
      "name": "@snyk/iac-cli-alert",
      "version": "1.0.0",
      "extraneous": true,
      "license": "Apache-2.0",
      "dependencies": {
        "@octokit/rest": "^20.1.1",
        "@slack/webhook": "7.0.2"
      },
      "devDependencies": {
        "@types/node": "^20.12.13",
        "typescript": "^4.0.2"
      }
    },
    "packages/snyk-fix": {
      "name": "@snyk/fix",
      "version": "1.0.0-monorepo",
      "extraneous": true,
      "license": "Apache-2.0",
      "dependencies": {
        "@snyk/dep-graph": "^2.7.4",
        "@snyk/fix-pipenv-pipfile": "^0.7.1",
        "@snyk/fix-poetry": "^0.9.1",
        "chalk": "4.1.1",
        "debug": "^4.3.1",
        "lodash.groupby": "4.6.0",
        "lodash.sortby": "^4.7.0",
        "ora": "5.4.0",
        "p-map": "^7.0.2",
        "strip-ansi": "6.0.0",
        "toml": "3.0.0"
      },
      "engines": {
        "node": ">=10"
      }
    },
    "packages/snyk-protect": {
      "name": "@snyk/protect",
      "version": "1.0.0-monorepo",
      "extraneous": true,
      "license": "Apache-2.0",
      "bin": {
        "snyk-protect": "bin/snyk-protect"
      },
      "devDependencies": {
        "cross-spawn": "^6.0.5",
        "fs-extra": "^9.1.0"
      },
      "engines": {
        "node": ">=10"
      }
    }
  }
}
